
Microsoft Visual Studio Solution File, Format Version 12.00
# Visual Studio Version 17
VisualStudioVersion = 17.5.002.0
MinimumVisualStudioVersion = 10.0.40219.1
Project("{9A19103F-16F7-4668-BE54-9A1E7A4F7556}") = "CoolingGridManager", "CoolingGridManager.csproj", "{AB6BB252-2151-4253-8028-B0CE09709436}"
EndProject
Global
	GlobalSection(SolutionConfigurationPlatforms) = preSolution
		Debug|Any CPU = Debug|Any CPU
		Release|Any CPU = Release|Any CPU
	EndGlobalSection
	GlobalSection(ProjectConfigurationPlatforms) = postSolution
		{AB6BB252-2151-4253-8028-B0CE09709436}.Debug|Any CPU.ActiveCfg = Debug|Any CPU
		{AB6BB252-2151-4253-8028-B0CE09709436}.Debug|Any CPU.Build.0 = Debug|Any CPU
		{AB6BB252-2151-4253-8028-B0CE09709436}.Release|Any CPU.ActiveCfg = Release|Any CPU
		{AB6BB252-2151-4253-8028-B0CE09709436}.Release|Any CPU.Build.0 = Release|Any CPU
	EndGlobalSection
	GlobalSection(SolutionProperties) = preSolution
		HideSolutionNode = FALSE
	EndGlobalSection
	GlobalSection(ExtensibilityGlobals) = postSolution
		SolutionGuid = {049B781E-1C87-494A-8CB5-BE0F5AE70453}
	EndGlobalSection
EndGlobal
